
Microsoft Visual Studio Solution File, Format Version 12.00
# Visual Studio Version 16
VisualStudioVersion = 16.0.30717.126
MinimumVisualStudioVersion = 10.0.40219.1
Project("{FAE04EC0-301F-11D3-BF4B-00C04F79EFBC}") = "Multithreading", "Multithreading\Multithreading.csproj", "{A75D5A8C-85A4-4D4A-8EE7-44A411F2E1FA}"
EndProject
Global
	GlobalSection(SolutionConfigurationPlatforms) = preSolution
		Debug|Any CPU = Debug|Any CPU
		Release|Any CPU = Release|Any CPU
	EndGlobalSection
	GlobalSection(ProjectConfigurationPlatforms) = postSolution
		{A75D5A8C-85A4-4D4A-8EE7-44A411F2E1FA}.Debug|Any CPU.ActiveCfg = Debug|Any CPU
		{A75D5A8C-85A4-4D4A-8EE7-44A411F2E1FA}.Debug|Any CPU.Build.0 = Debug|Any CPU
		{A75D5A8C-85A4-4D4A-8EE7-44A411F2E1FA}.Release|Any CPU.ActiveCfg = Release|Any CPU
		{A75D5A8C-85A4-4D4A-8EE7-44A411F2E1FA}.Release|Any CPU.Build.0 = Release|Any CPU
	EndGlobalSection
	GlobalSection(SolutionProperties) = preSolution
		HideSolutionNode = FALSE
	EndGlobalSection
	GlobalSection(ExtensibilityGlobals) = postSolution
		SolutionGuid = {2CFE7B3E-542A-450B-97EE-0594C7DAC8E7}
	EndGlobalSection
EndGlobal
